
Microsoft Visual Studio Solution File, Format Version 12.00
# Visual Studio Version 16
VisualStudioVersion = 16.0.31515.178
MinimumVisualStudioVersion = 10.0.40219.1
Project("{9A19103F-16F7-4668-BE54-9A1E7A4F7556}") = "Basics", "Basics\Basics.csproj", "{5146CBF2-E2FC-420B-B877-915390DC4174}"
EndProject
Project("{9A19103F-16F7-4668-BE54-9A1E7A4F7556}") = "IdentityExample", "WebApplication3\IdentityExample.csproj", "{1D16AE2A-254E-4E5C-BC4F-F298E334AFAE}"
EndProject
Project("{2150E333-8FDC-42A3-9474-1A3956D46DE8}") = "Basic", "Basic", "{EFF070AF-7047-41DE-8FF7-27BA37DF0993}"
EndProject
Project("{2150E333-8FDC-42A3-9474-1A3956D46DE8}") = "Oauth", "Oauth", "{A091B2FD-8F1F-4574-8FDD-F3DF04848F20}"
EndProject
Project("{9A19103F-16F7-4668-BE54-9A1E7A4F7556}") = "Server", "Server\Server.csproj", "{182E224C-BBBA-4371-A60B-40CC0B6DB0F4}"
EndProject
Project("{FAE04EC0-301F-11D3-BF4B-00C04F79EFBC}") = "Client", "Client\Client.csproj", "{99A99501-2EBA-4DAF-98BC-059093638EB3}"
EndProject
Project("{FAE04EC0-301F-11D3-BF4B-00C04F79EFBC}") = "Api", "Api\Api.csproj", "{23D668C9-C6D3-4B9F-BB23-E78E2648360C}"
EndProject
Global
	GlobalSection(SolutionConfigurationPlatforms) = preSolution
		Debug|Any CPU = Debug|Any CPU
		Release|Any CPU = Release|Any CPU
	EndGlobalSection
	GlobalSection(ProjectConfigurationPlatforms) = postSolution
		{5146CBF2-E2FC-420B-B877-915390DC4174}.Debug|Any CPU.ActiveCfg = Debug|Any CPU
		{5146CBF2-E2FC-420B-B877-915390DC4174}.Debug|Any CPU.Build.0 = Debug|Any CPU
		{5146CBF2-E2FC-420B-B877-915390DC4174}.Release|Any CPU.ActiveCfg = Release|Any CPU
		{5146CBF2-E2FC-420B-B877-915390DC4174}.Release|Any CPU.Build.0 = Release|Any CPU
		{1D16AE2A-254E-4E5C-BC4F-F298E334AFAE}.Debug|Any CPU.ActiveCfg = Debug|Any CPU
		{1D16AE2A-254E-4E5C-BC4F-F298E334AFAE}.Debug|Any CPU.Build.0 = Debug|Any CPU
		{1D16AE2A-254E-4E5C-BC4F-F298E334AFAE}.Release|Any CPU.ActiveCfg = Release|Any CPU
		{1D16AE2A-254E-4E5C-BC4F-F298E334AFAE}.Release|Any CPU.Build.0 = Release|Any CPU
		{182E224C-BBBA-4371-A60B-40CC0B6DB0F4}.Debug|Any CPU.ActiveCfg = Debug|Any CPU
		{182E224C-BBBA-4371-A60B-40CC0B6DB0F4}.Debug|Any CPU.Build.0 = Debug|Any CPU
		{182E224C-BBBA-4371-A60B-40CC0B6DB0F4}.Release|Any CPU.ActiveCfg = Release|Any CPU
		{182E224C-BBBA-4371-A60B-40CC0B6DB0F4}.Release|Any CPU.Build.0 = Release|Any CPU
		{99A99501-2EBA-4DAF-98BC-059093638EB3}.Debug|Any CPU.ActiveCfg = Debug|Any CPU
		{99A99501-2EBA-4DAF-98BC-059093638EB3}.Debug|Any CPU.Build.0 = Debug|Any CPU
		{99A99501-2EBA-4DAF-98BC-059093638EB3}.Release|Any CPU.ActiveCfg = Release|Any CPU
		{99A99501-2EBA-4DAF-98BC-059093638EB3}.Release|Any CPU.Build.0 = Release|Any CPU
		{23D668C9-C6D3-4B9F-BB23-E78E2648360C}.Debug|Any CPU.ActiveCfg = Debug|Any CPU
		{23D668C9-C6D3-4B9F-BB23-E78E2648360C}.Debug|Any CPU.Build.0 = Debug|Any CPU
		{23D668C9-C6D3-4B9F-BB23-E78E2648360C}.Release|Any CPU.ActiveCfg = Release|Any CPU
		{23D668C9-C6D3-4B9F-BB23-E78E2648360C}.Release|Any CPU.Build.0 = Release|Any CPU
	EndGlobalSection
	GlobalSection(SolutionProperties) = preSolution
		HideSolutionNode = FALSE
	EndGlobalSection
	GlobalSection(NestedProjects) = preSolution
		{5146CBF2-E2FC-420B-B877-915390DC4174} = {EFF070AF-7047-41DE-8FF7-27BA37DF0993}
		{1D16AE2A-254E-4E5C-BC4F-F298E334AFAE} = {EFF070AF-7047-41DE-8FF7-27BA37DF0993}
		{182E224C-BBBA-4371-A60B-40CC0B6DB0F4} = {A091B2FD-8F1F-4574-8FDD-F3DF04848F20}
		{99A99501-2EBA-4DAF-98BC-059093638EB3} = {A091B2FD-8F1F-4574-8FDD-F3DF04848F20}
		{23D668C9-C6D3-4B9F-BB23-E78E2648360C} = {A091B2FD-8F1F-4574-8FDD-F3DF04848F20}
	EndGlobalSection
	GlobalSection(ExtensibilityGlobals) = postSolution
		SolutionGuid = {320B6EA0-ABDA-4F98-A968-C0BCA1016F68}
	EndGlobalSection
EndGlobal
